// !$*UTF8*$!
{
	archiveVersion = 1;
	classes = {
	};
	objectVersion = 52;
	objects = {

/* Begin PBXBuildFile section */
		53631774267CAA6B00D1CB7D /* CoreDataFeedStoreTests.swift in Sources */ = {isa = PBXBuildFile; fileRef = 53631773267CAA6B00D1CB7D /* CoreDataFeedStoreTests.swift */; };
		53631779267CAAFB00D1CB7D /* CoreDataFeedStore.swift in Sources */ = {isa = PBXBuildFile; fileRef = 53631778267CAAFB00D1CB7D /* CoreDataFeedStore.swift */; };
		5363177F267CAC9D00D1CB7D /* FeedStore.xcdatamodeld in Sources */ = {isa = PBXBuildFile; fileRef = 5363177D267CAC9D00D1CB7D /* FeedStore.xcdatamodeld */; };
		53631790267CB54200D1CB7D /* CoreDataHelpers.swift in Sources */ = {isa = PBXBuildFile; fileRef = 5363178F267CB54200D1CB7D /* CoreDataHelpers.swift */; };
		53631798267CB5CE00D1CB7D /* ManagedCache.swift in Sources */ = {isa = PBXBuildFile; fileRef = 53631797267CB5CE00D1CB7D /* ManagedCache.swift */; };
		5363179D267CB5FA00D1CB7D /* ManagedFeedImage.swift in Sources */ = {isa = PBXBuildFile; fileRef = 5363179C267CB5FA00D1CB7D /* ManagedFeedImage.swift */; };
		536317A8267D2D2800D1CB7D /* EssentialDeveloperFeedCacheIntegrationTests.swift in Sources */ = {isa = PBXBuildFile; fileRef = 536317A7267D2D2800D1CB7D /* EssentialDeveloperFeedCacheIntegrationTests.swift */; };
		536317AA267D2D2800D1CB7D /* EssentialDeveloperFeed.framework in Frameworks */ = {isa = PBXBuildFile; fileRef = 537A28D125AF79AD0059D60B /* EssentialDeveloperFeed.framework */; };
		536317B4267D303D00D1CB7D /* XCTestCase+MemoryLeakTracking.swift in Sources */ = {isa = PBXBuildFile; fileRef = 53D9C6602618FDBA00ACBDCE /* XCTestCase+MemoryLeakTracking.swift */; };
		536317C2267D334900D1CB7D /* FeedCacheTestsHelpers.swift in Sources */ = {isa = PBXBuildFile; fileRef = 53D9C6D0266BDD1200ACBDCE /* FeedCacheTestsHelpers.swift */; };
		536317C7267D335100D1CB7D /* SharedTestHelpers.swift in Sources */ = {isa = PBXBuildFile; fileRef = 53D9C6D5266BDDFF00ACBDCE /* SharedTestHelpers.swift */; };
		536318322681F17B00D1CB7D /* EssentialFeediOS.framework in Frameworks */ = {isa = PBXBuildFile; fileRef = 536318292681F17A00D1CB7D /* EssentialFeediOS.framework */; };
		5363184D2683419B00D1CB7D /* FeedViewControllerTests.swift in Sources */ = {isa = PBXBuildFile; fileRef = 5363184C2683419B00D1CB7D /* FeedViewControllerTests.swift */; };
		536318552683446100D1CB7D /* EssentialDeveloperFeed.framework in Frameworks */ = {isa = PBXBuildFile; fileRef = 537A28D125AF79AD0059D60B /* EssentialDeveloperFeed.framework */; platformFilter = ios; };
		536318562683446100D1CB7D /* EssentialDeveloperFeed.framework in Embed Frameworks */ = {isa = PBXBuildFile; fileRef = 537A28D125AF79AD0059D60B /* EssentialDeveloperFeed.framework */; platformFilter = ios; settings = {ATTRIBUTES = (CodeSignOnCopy, RemoveHeadersOnCopy, ); }; };
		5363185F2683456900D1CB7D /* XCTestCase+MemoryLeakTracking.swift in Sources */ = {isa = PBXBuildFile; fileRef = 53D9C6602618FDBA00ACBDCE /* XCTestCase+MemoryLeakTracking.swift */; };
		536318872684AEA600D1CB7D /* FeedViewController.swift in Sources */ = {isa = PBXBuildFile; fileRef = 536318862684AEA600D1CB7D /* FeedViewController.swift */; };
		5363188E2684B72800D1CB7D /* FeedImageCell.swift in Sources */ = {isa = PBXBuildFile; fileRef = 5363188D2684B72800D1CB7D /* FeedImageCell.swift */; };
		536318952684CBA000D1CB7D /* UIView+Shimmering.swift in Sources */ = {isa = PBXBuildFile; fileRef = 536318942684CBA000D1CB7D /* UIView+Shimmering.swift */; };
		536318EF2685387500D1CB7D /* FeedImageDataLoader.swift in Sources */ = {isa = PBXBuildFile; fileRef = 536318EE2685387500D1CB7D /* FeedImageDataLoader.swift */; };
		536318FB26853A7F00D1CB7D /* FeedRefreshViewController.swift in Sources */ = {isa = PBXBuildFile; fileRef = 536318FA26853A7F00D1CB7D /* FeedRefreshViewController.swift */; };
		5363190226853ECB00D1CB7D /* FeedImageCellController.swift in Sources */ = {isa = PBXBuildFile; fileRef = 5363190126853ECB00D1CB7D /* FeedImageCellController.swift */; };
		5363190A2685425E00D1CB7D /* FeedUIComposer.swift in Sources */ = {isa = PBXBuildFile; fileRef = 536319092685425E00D1CB7D /* FeedUIComposer.swift */; };
		536319232687548800D1CB7D /* FeedImageViewModel.swift in Sources */ = {isa = PBXBuildFile; fileRef = 536319222687548800D1CB7D /* FeedImageViewModel.swift */; };
		537499B2269B83960059808F /* FeedPresenter.swift in Sources */ = {isa = PBXBuildFile; fileRef = 537499B1269B83960059808F /* FeedPresenter.swift */; };
		537499BE269B8FEF0059808F /* FeedImagePresenter.swift in Sources */ = {isa = PBXBuildFile; fileRef = 537499BD269B8FEF0059808F /* FeedImagePresenter.swift */; };
		537499C5269B90F10059808F /* FeedLoadingViewModel.swift in Sources */ = {isa = PBXBuildFile; fileRef = 537499C4269B90F10059808F /* FeedLoadingViewModel.swift */; };
		537499CC269B91120059808F /* FeedViewModel.swift in Sources */ = {isa = PBXBuildFile; fileRef = 537499CB269B91120059808F /* FeedViewModel.swift */; };
		537499D3269CD54B0059808F /* Feed.storyboard in Resources */ = {isa = PBXBuildFile; fileRef = 537499D2269CD54B0059808F /* Feed.storyboard */; };
		537499DA269CD5D40059808F /* Feed.xcassets in Resources */ = {isa = PBXBuildFile; fileRef = 537499D9269CD5D40059808F /* Feed.xcassets */; };
		537A28DB25AF79AD0059D60B /* EssentialDeveloperFeed.framework in Frameworks */ = {isa = PBXBuildFile; fileRef = 537A28D125AF79AD0059D60B /* EssentialDeveloperFeed.framework */; };
		537A28E025AF79AD0059D60B /* LoadFeedFromRemoteUseCasesTests.swift in Sources */ = {isa = PBXBuildFile; fileRef = 537A28DF25AF79AD0059D60B /* LoadFeedFromRemoteUseCasesTests.swift */; };
		537A28E225AF79AD0059D60B /* EssentialDeveloperFeed.h in Headers */ = {isa = PBXBuildFile; fileRef = 537A28D425AF79AD0059D60B /* EssentialDeveloperFeed.h */; settings = {ATTRIBUTES = (Public, ); }; };
		537A28EE25AF7A0D0059D60B /* FeedItem.swift in Sources */ = {isa = PBXBuildFile; fileRef = 537A28ED25AF7A0D0059D60B /* FeedItem.swift */; };
		537A28F225AF7AAD0059D60B /* FeedLoader.swift in Sources */ = {isa = PBXBuildFile; fileRef = 537A28F125AF7AAD0059D60B /* FeedLoader.swift */; };
		537A291F25B22C600059D60B /* RemoteFeedLoader.swift in Sources */ = {isa = PBXBuildFile; fileRef = 537A291E25B22C600059D60B /* RemoteFeedLoader.swift */; };
		53C0CFCD267B70FE00839829 /* FeedStoreSpecs.swift in Sources */ = {isa = PBXBuildFile; fileRef = 53C0CFCC267B70FE00839829 /* FeedStoreSpecs.swift */; };
		53C0CFD2267B718D00839829 /* XCTestCase+FeedStoreSpecs.swift in Sources */ = {isa = PBXBuildFile; fileRef = 53C0CFD1267B718D00839829 /* XCTestCase+FeedStoreSpecs.swift */; };
		53C0CFD7267B750500839829 /* XCTestCase+FailableRetrieveFeedStoreSpecs.swift in Sources */ = {isa = PBXBuildFile; fileRef = 53C0CFD6267B750500839829 /* XCTestCase+FailableRetrieveFeedStoreSpecs.swift */; };
		53C0CFDC267B75C500839829 /* XCTestCase+FailableInsertFeedStoreSpecs.swift in Sources */ = {isa = PBXBuildFile; fileRef = 53C0CFDB267B75C500839829 /* XCTestCase+FailableInsertFeedStoreSpecs.swift */; };
		53C0CFE1267B762A00839829 /* XCTestCase+FailableDeleteFeedStoreSpecs.swift in Sources */ = {isa = PBXBuildFile; fileRef = 53C0CFE0267B762A00839829 /* XCTestCase+FailableDeleteFeedStoreSpecs.swift */; };
		53D9C6612618FDBA00ACBDCE /* XCTestCase+MemoryLeakTracking.swift in Sources */ = {isa = PBXBuildFile; fileRef = 53D9C6602618FDBA00ACBDCE /* XCTestCase+MemoryLeakTracking.swift */; };
		53D9C66B261919C900ACBDCE /* URLSessionHTTPClient.swift in Sources */ = {isa = PBXBuildFile; fileRef = 53D9C66A261919C900ACBDCE /* URLSessionHTTPClient.swift */; };
		53D9C675261A58AF00ACBDCE /* EssentialDeveloperFeedAPIEndToEndTests.swift in Sources */ = {isa = PBXBuildFile; fileRef = 53D9C674261A58AF00ACBDCE /* EssentialDeveloperFeedAPIEndToEndTests.swift */; };
		53D9C677261A58AF00ACBDCE /* EssentialDeveloperFeed.framework in Frameworks */ = {isa = PBXBuildFile; fileRef = 537A28D125AF79AD0059D60B /* EssentialDeveloperFeed.framework */; };
		53D9C680261A5F6500ACBDCE /* XCTestCase+MemoryLeakTracking.swift in Sources */ = {isa = PBXBuildFile; fileRef = 53D9C6602618FDBA00ACBDCE /* XCTestCase+MemoryLeakTracking.swift */; };
		53D9C68F265BB5F900ACBDCE /* CacheFeedUseCaseTests.swift in Sources */ = {isa = PBXBuildFile; fileRef = 53D9C68E265BB5F900ACBDCE /* CacheFeedUseCaseTests.swift */; };
		53D9C6A1265FB9A500ACBDCE /* LocalFeedLoader.swift in Sources */ = {isa = PBXBuildFile; fileRef = 53D9C6A0265FB9A500ACBDCE /* LocalFeedLoader.swift */; };
		53D9C6A92664EAB900ACBDCE /* FeedStore.swift in Sources */ = {isa = PBXBuildFile; fileRef = 53D9C6A82664EAB900ACBDCE /* FeedStore.swift */; };
		53D9C6AE2664F2D500ACBDCE /* RemoteFeedItem.swift in Sources */ = {isa = PBXBuildFile; fileRef = 53D9C6AD2664F2D500ACBDCE /* RemoteFeedItem.swift */; };
		53D9C6B32664F31C00ACBDCE /* LocalFeedImage.swift in Sources */ = {isa = PBXBuildFile; fileRef = 53D9C6B22664F31C00ACBDCE /* LocalFeedImage.swift */; };
		53D9C6BE26664D7700ACBDCE /* LoadFeedFromCacheUseCaseTests.swift in Sources */ = {isa = PBXBuildFile; fileRef = 53D9C6BD26664D7700ACBDCE /* LoadFeedFromCacheUseCaseTests.swift */; };
		53D9C6C426664EBF00ACBDCE /* FeedStoreSpy.swift in Sources */ = {isa = PBXBuildFile; fileRef = 53D9C6C326664EBF00ACBDCE /* FeedStoreSpy.swift */; };
		53D9C6CC266BD96700ACBDCE /* ValidateFeedCacheUseCaseTests.swift in Sources */ = {isa = PBXBuildFile; fileRef = 53D9C6CB266BD96700ACBDCE /* ValidateFeedCacheUseCaseTests.swift */; };
		53D9C6D1266BDD1200ACBDCE /* FeedCacheTestsHelpers.swift in Sources */ = {isa = PBXBuildFile; fileRef = 53D9C6D0266BDD1200ACBDCE /* FeedCacheTestsHelpers.swift */; };
		53D9C6D6266BDDFF00ACBDCE /* SharedTestHelpers.swift in Sources */ = {isa = PBXBuildFile; fileRef = 53D9C6D5266BDDFF00ACBDCE /* SharedTestHelpers.swift */; };
		53D9C6DB266BFE6D00ACBDCE /* FeedCachePolicy.swift in Sources */ = {isa = PBXBuildFile; fileRef = 53D9C6DA266BFE6D00ACBDCE /* FeedCachePolicy.swift */; };
		53DA285725F55DB200F06115 /* HTTPClient.swift in Sources */ = {isa = PBXBuildFile; fileRef = 53DA285625F55DB200F06115 /* HTTPClient.swift */; };
		53DA285B25F55DE600F06115 /* FeedItemsMapper.swift in Sources */ = {isa = PBXBuildFile; fileRef = 53DA285A25F55DE600F06115 /* FeedItemsMapper.swift */; };
		53F669AC2600C8E50036F38B /* URLSessionHTTPClientTests.swift in Sources */ = {isa = PBXBuildFile; fileRef = 53F669AB2600C8E50036F38B /* URLSessionHTTPClientTests.swift */; };
/* End PBXBuildFile section */

/* Begin PBXContainerItemProxy section */
		536317AB267D2D2800D1CB7D /* PBXContainerItemProxy */ = {
			isa = PBXContainerItemProxy;
			containerPortal = 537A28C825AF79AD0059D60B /* Project object */;
			proxyType = 1;
			remoteGlobalIDString = 537A28D025AF79AD0059D60B;
			remoteInfo = EssentialDeveloperFeed;
		};
		536318332681F17B00D1CB7D /* PBXContainerItemProxy */ = {
			isa = PBXContainerItemProxy;
			containerPortal = 537A28C825AF79AD0059D60B /* Project object */;
			proxyType = 1;
			remoteGlobalIDString = 536318282681F17A00D1CB7D;
			remoteInfo = EssentialFeediOS;
		};
		536318572683446100D1CB7D /* PBXContainerItemProxy */ = {
			isa = PBXContainerItemProxy;
			containerPortal = 537A28C825AF79AD0059D60B /* Project object */;
			proxyType = 1;
			remoteGlobalIDString = 537A28D025AF79AD0059D60B;
			remoteInfo = EssentialDeveloperFeed;
		};
		537A28DC25AF79AD0059D60B /* PBXContainerItemProxy */ = {
			isa = PBXContainerItemProxy;
			containerPortal = 537A28C825AF79AD0059D60B /* Project object */;
			proxyType = 1;
			remoteGlobalIDString = 537A28D025AF79AD0059D60B;
			remoteInfo = EssentialDeveloperFeed;
		};
		53D9C678261A58AF00ACBDCE /* PBXContainerItemProxy */ = {
			isa = PBXContainerItemProxy;
			containerPortal = 537A28C825AF79AD0059D60B /* Project object */;
			proxyType = 1;
			remoteGlobalIDString = 537A28D025AF79AD0059D60B;
			remoteInfo = EssentialDeveloperFeed;
		};
/* End PBXContainerItemProxy section */

/* Begin PBXCopyFilesBuildPhase section */
		536318592683446100D1CB7D /* Embed Frameworks */ = {
			isa = PBXCopyFilesBuildPhase;
			buildActionMask = 2147483647;
			dstPath = "";
			dstSubfolderSpec = 10;
			files = (
				536318562683446100D1CB7D /* EssentialDeveloperFeed.framework in Embed Frameworks */,
			);
			name = "Embed Frameworks";
			runOnlyForDeploymentPostprocessing = 0;
		};
/* End PBXCopyFilesBuildPhase section */

/* Begin PBXFileReference section */
		53631773267CAA6B00D1CB7D /* CoreDataFeedStoreTests.swift */ = {isa = PBXFileReference; lastKnownFileType = sourcecode.swift; path = CoreDataFeedStoreTests.swift; sourceTree = "<group>"; };
		53631778267CAAFB00D1CB7D /* CoreDataFeedStore.swift */ = {isa = PBXFileReference; lastKnownFileType = sourcecode.swift; path = CoreDataFeedStore.swift; sourceTree = "<group>"; };
		5363177E267CAC9D00D1CB7D /* FeedStore.xcdatamodel */ = {isa = PBXFileReference; lastKnownFileType = wrapper.xcdatamodel; path = FeedStore.xcdatamodel; sourceTree = "<group>"; };
		5363178F267CB54200D1CB7D /* CoreDataHelpers.swift */ = {isa = PBXFileReference; lastKnownFileType = sourcecode.swift; path = CoreDataHelpers.swift; sourceTree = "<group>"; };
		53631797267CB5CE00D1CB7D /* ManagedCache.swift */ = {isa = PBXFileReference; lastKnownFileType = sourcecode.swift; path = ManagedCache.swift; sourceTree = "<group>"; };
		5363179C267CB5FA00D1CB7D /* ManagedFeedImage.swift */ = {isa = PBXFileReference; lastKnownFileType = sourcecode.swift; path = ManagedFeedImage.swift; sourceTree = "<group>"; };
		536317A5267D2D2800D1CB7D /* EssentialDeveloperFeedCacheIntegrationTests.xctest */ = {isa = PBXFileReference; explicitFileType = wrapper.cfbundle; includeInIndex = 0; path = EssentialDeveloperFeedCacheIntegrationTests.xctest; sourceTree = BUILT_PRODUCTS_DIR; };
		536317A7267D2D2800D1CB7D /* EssentialDeveloperFeedCacheIntegrationTests.swift */ = {isa = PBXFileReference; lastKnownFileType = sourcecode.swift; path = EssentialDeveloperFeedCacheIntegrationTests.swift; sourceTree = "<group>"; };
		536317A9267D2D2800D1CB7D /* Info.plist */ = {isa = PBXFileReference; lastKnownFileType = text.plist.xml; path = Info.plist; sourceTree = "<group>"; };
		536318292681F17A00D1CB7D /* EssentialFeediOS.framework */ = {isa = PBXFileReference; explicitFileType = wrapper.framework; includeInIndex = 0; path = EssentialFeediOS.framework; sourceTree = BUILT_PRODUCTS_DIR; };
		5363182C2681F17A00D1CB7D /* Info.plist */ = {isa = PBXFileReference; lastKnownFileType = text.plist.xml; path = Info.plist; sourceTree = "<group>"; };
		536318312681F17B00D1CB7D /* EssentialFeediOSTests.xctest */ = {isa = PBXFileReference; explicitFileType = wrapper.cfbundle; includeInIndex = 0; path = EssentialFeediOSTests.xctest; sourceTree = BUILT_PRODUCTS_DIR; };
		536318382681F17B00D1CB7D /* Info.plist */ = {isa = PBXFileReference; lastKnownFileType = text.plist.xml; path = Info.plist; sourceTree = "<group>"; };
		5363184C2683419B00D1CB7D /* FeedViewControllerTests.swift */ = {isa = PBXFileReference; lastKnownFileType = sourcecode.swift; path = FeedViewControllerTests.swift; sourceTree = "<group>"; };
		536318862684AEA600D1CB7D /* FeedViewController.swift */ = {isa = PBXFileReference; lastKnownFileType = sourcecode.swift; path = FeedViewController.swift; sourceTree = "<group>"; };
		5363188D2684B72800D1CB7D /* FeedImageCell.swift */ = {isa = PBXFileReference; lastKnownFileType = sourcecode.swift; path = FeedImageCell.swift; sourceTree = "<group>"; };
		536318942684CBA000D1CB7D /* UIView+Shimmering.swift */ = {isa = PBXFileReference; lastKnownFileType = sourcecode.swift; path = "UIView+Shimmering.swift"; sourceTree = "<group>"; };
		536318EE2685387500D1CB7D /* FeedImageDataLoader.swift */ = {isa = PBXFileReference; lastKnownFileType = sourcecode.swift; path = FeedImageDataLoader.swift; sourceTree = "<group>"; };
		536318FA26853A7F00D1CB7D /* FeedRefreshViewController.swift */ = {isa = PBXFileReference; lastKnownFileType = sourcecode.swift; path = FeedRefreshViewController.swift; sourceTree = "<group>"; };
		5363190126853ECB00D1CB7D /* FeedImageCellController.swift */ = {isa = PBXFileReference; lastKnownFileType = sourcecode.swift; path = FeedImageCellController.swift; sourceTree = "<group>"; };
		536319092685425E00D1CB7D /* FeedUIComposer.swift */ = {isa = PBXFileReference; lastKnownFileType = sourcecode.swift; path = FeedUIComposer.swift; sourceTree = "<group>"; };
		536319222687548800D1CB7D /* FeedImageViewModel.swift */ = {isa = PBXFileReference; lastKnownFileType = sourcecode.swift; path = FeedImageViewModel.swift; sourceTree = "<group>"; };
		537499B1269B83960059808F /* FeedPresenter.swift */ = {isa = PBXFileReference; lastKnownFileType = sourcecode.swift; path = FeedPresenter.swift; sourceTree = "<group>"; };
		537499BD269B8FEF0059808F /* FeedImagePresenter.swift */ = {isa = PBXFileReference; lastKnownFileType = sourcecode.swift; path = FeedImagePresenter.swift; sourceTree = "<group>"; };
		537499C4269B90F10059808F /* FeedLoadingViewModel.swift */ = {isa = PBXFileReference; lastKnownFileType = sourcecode.swift; path = FeedLoadingViewModel.swift; sourceTree = "<group>"; };
		537499CB269B91120059808F /* FeedViewModel.swift */ = {isa = PBXFileReference; lastKnownFileType = sourcecode.swift; path = FeedViewModel.swift; sourceTree = "<group>"; };
		537499D2269CD54B0059808F /* Feed.storyboard */ = {isa = PBXFileReference; lastKnownFileType = file.storyboard; path = Feed.storyboard; sourceTree = "<group>"; };
		537499D9269CD5D40059808F /* Feed.xcassets */ = {isa = PBXFileReference; lastKnownFileType = folder.assetcatalog; path = Feed.xcassets; sourceTree = "<group>"; };
		537A28D125AF79AD0059D60B /* EssentialDeveloperFeed.framework */ = {isa = PBXFileReference; explicitFileType = wrapper.framework; includeInIndex = 0; path = EssentialDeveloperFeed.framework; sourceTree = BUILT_PRODUCTS_DIR; };
		537A28D425AF79AD0059D60B /* EssentialDeveloperFeed.h */ = {isa = PBXFileReference; lastKnownFileType = sourcecode.c.h; path = EssentialDeveloperFeed.h; sourceTree = "<group>"; };
		537A28D525AF79AD0059D60B /* Info.plist */ = {isa = PBXFileReference; lastKnownFileType = text.plist.xml; path = Info.plist; sourceTree = "<group>"; };
		537A28DA25AF79AD0059D60B /* EssentialDeveloperFeedTests.xctest */ = {isa = PBXFileReference; explicitFileType = wrapper.cfbundle; includeInIndex = 0; path = EssentialDeveloperFeedTests.xctest; sourceTree = BUILT_PRODUCTS_DIR; };
		537A28DF25AF79AD0059D60B /* LoadFeedFromRemoteUseCasesTests.swift */ = {isa = PBXFileReference; lastKnownFileType = sourcecode.swift; path = LoadFeedFromRemoteUseCasesTests.swift; sourceTree = "<group>"; };
		537A28E125AF79AD0059D60B /* Info.plist */ = {isa = PBXFileReference; lastKnownFileType = text.plist.xml; path = Info.plist; sourceTree = "<group>"; };
		537A28ED25AF7A0D0059D60B /* FeedItem.swift */ = {isa = PBXFileReference; lastKnownFileType = sourcecode.swift; path = FeedItem.swift; sourceTree = "<group>"; };
		537A28F125AF7AAD0059D60B /* FeedLoader.swift */ = {isa = PBXFileReference; lastKnownFileType = sourcecode.swift; path = FeedLoader.swift; sourceTree = "<group>"; };
		537A291E25B22C600059D60B /* RemoteFeedLoader.swift */ = {isa = PBXFileReference; lastKnownFileType = sourcecode.swift; path = RemoteFeedLoader.swift; sourceTree = "<group>"; };
		53C0CFCC267B70FE00839829 /* FeedStoreSpecs.swift */ = {isa = PBXFileReference; lastKnownFileType = sourcecode.swift; path = FeedStoreSpecs.swift; sourceTree = "<group>"; };
		53C0CFD1267B718D00839829 /* XCTestCase+FeedStoreSpecs.swift */ = {isa = PBXFileReference; lastKnownFileType = sourcecode.swift; path = "XCTestCase+FeedStoreSpecs.swift"; sourceTree = "<group>"; };
		53C0CFD6267B750500839829 /* XCTestCase+FailableRetrieveFeedStoreSpecs.swift */ = {isa = PBXFileReference; lastKnownFileType = sourcecode.swift; path = "XCTestCase+FailableRetrieveFeedStoreSpecs.swift"; sourceTree = "<group>"; };
		53C0CFDB267B75C500839829 /* XCTestCase+FailableInsertFeedStoreSpecs.swift */ = {isa = PBXFileReference; lastKnownFileType = sourcecode.swift; path = "XCTestCase+FailableInsertFeedStoreSpecs.swift"; sourceTree = "<group>"; };
		53C0CFE0267B762A00839829 /* XCTestCase+FailableDeleteFeedStoreSpecs.swift */ = {isa = PBXFileReference; lastKnownFileType = sourcecode.swift; path = "XCTestCase+FailableDeleteFeedStoreSpecs.swift"; sourceTree = "<group>"; };
		53D9C6602618FDBA00ACBDCE /* XCTestCase+MemoryLeakTracking.swift */ = {isa = PBXFileReference; lastKnownFileType = sourcecode.swift; path = "XCTestCase+MemoryLeakTracking.swift"; sourceTree = "<group>"; };
		53D9C66A261919C900ACBDCE /* URLSessionHTTPClient.swift */ = {isa = PBXFileReference; lastKnownFileType = sourcecode.swift; path = URLSessionHTTPClient.swift; sourceTree = "<group>"; };
		53D9C672261A58AF00ACBDCE /* EssentialDeveloperFeedAPIEndToEndTests.xctest */ = {isa = PBXFileReference; explicitFileType = wrapper.cfbundle; includeInIndex = 0; path = EssentialDeveloperFeedAPIEndToEndTests.xctest; sourceTree = BUILT_PRODUCTS_DIR; };
		53D9C674261A58AF00ACBDCE /* EssentialDeveloperFeedAPIEndToEndTests.swift */ = {isa = PBXFileReference; lastKnownFileType = sourcecode.swift; path = EssentialDeveloperFeedAPIEndToEndTests.swift; sourceTree = "<group>"; };
		53D9C676261A58AF00ACBDCE /* Info.plist */ = {isa = PBXFileReference; lastKnownFileType = text.plist.xml; path = Info.plist; sourceTree = "<group>"; };
		53D9C68E265BB5F900ACBDCE /* CacheFeedUseCaseTests.swift */ = {isa = PBXFileReference; lastKnownFileType = sourcecode.swift; path = CacheFeedUseCaseTests.swift; sourceTree = "<group>"; };
		53D9C6A0265FB9A500ACBDCE /* LocalFeedLoader.swift */ = {isa = PBXFileReference; lastKnownFileType = sourcecode.swift; path = LocalFeedLoader.swift; sourceTree = "<group>"; };
		53D9C6A82664EAB900ACBDCE /* FeedStore.swift */ = {isa = PBXFileReference; lastKnownFileType = sourcecode.swift; path = FeedStore.swift; sourceTree = "<group>"; };
		53D9C6AD2664F2D500ACBDCE /* RemoteFeedItem.swift */ = {isa = PBXFileReference; lastKnownFileType = sourcecode.swift; path = RemoteFeedItem.swift; sourceTree = "<group>"; };
		53D9C6B22664F31C00ACBDCE /* LocalFeedImage.swift */ = {isa = PBXFileReference; lastKnownFileType = sourcecode.swift; path = LocalFeedImage.swift; sourceTree = "<group>"; };
		53D9C6BD26664D7700ACBDCE /* LoadFeedFromCacheUseCaseTests.swift */ = {isa = PBXFileReference; lastKnownFileType = sourcecode.swift; path = LoadFeedFromCacheUseCaseTests.swift; sourceTree = "<group>"; };
		53D9C6C326664EBF00ACBDCE /* FeedStoreSpy.swift */ = {isa = PBXFileReference; lastKnownFileType = sourcecode.swift; path = FeedStoreSpy.swift; sourceTree = "<group>"; };
		53D9C6CB266BD96700ACBDCE /* ValidateFeedCacheUseCaseTests.swift */ = {isa = PBXFileReference; lastKnownFileType = sourcecode.swift; path = ValidateFeedCacheUseCaseTests.swift; sourceTree = "<group>"; };
		53D9C6D0266BDD1200ACBDCE /* FeedCacheTestsHelpers.swift */ = {isa = PBXFileReference; lastKnownFileType = sourcecode.swift; path = FeedCacheTestsHelpers.swift; sourceTree = "<group>"; };
		53D9C6D5266BDDFF00ACBDCE /* SharedTestHelpers.swift */ = {isa = PBXFileReference; lastKnownFileType = sourcecode.swift; path = SharedTestHelpers.swift; sourceTree = "<group>"; };
		53D9C6DA266BFE6D00ACBDCE /* FeedCachePolicy.swift */ = {isa = PBXFileReference; lastKnownFileType = sourcecode.swift; path = FeedCachePolicy.swift; sourceTree = "<group>"; };
		53DA285625F55DB200F06115 /* HTTPClient.swift */ = {isa = PBXFileReference; lastKnownFileType = sourcecode.swift; path = HTTPClient.swift; sourceTree = "<group>"; };
		53DA285A25F55DE600F06115 /* FeedItemsMapper.swift */ = {isa = PBXFileReference; lastKnownFileType = sourcecode.swift; path = FeedItemsMapper.swift; sourceTree = "<group>"; };
		53F669AB2600C8E50036F38B /* URLSessionHTTPClientTests.swift */ = {isa = PBXFileReference; lastKnownFileType = sourcecode.swift; path = URLSessionHTTPClientTests.swift; sourceTree = "<group>"; };
/* End PBXFileReference section */

/* Begin PBXFrameworksBuildPhase section */
		536317A2267D2D2800D1CB7D /* Frameworks */ = {
			isa = PBXFrameworksBuildPhase;
			buildActionMask = 2147483647;
			files = (
				536317AA267D2D2800D1CB7D /* EssentialDeveloperFeed.framework in Frameworks */,
			);
			runOnlyForDeploymentPostprocessing = 0;
		};
		536318262681F17A00D1CB7D /* Frameworks */ = {
			isa = PBXFrameworksBuildPhase;
			buildActionMask = 2147483647;
			files = (
				536318552683446100D1CB7D /* EssentialDeveloperFeed.framework in Frameworks */,
			);
			runOnlyForDeploymentPostprocessing = 0;
		};
		5363182E2681F17B00D1CB7D /* Frameworks */ = {
			isa = PBXFrameworksBuildPhase;
			buildActionMask = 2147483647;
			files = (
				536318322681F17B00D1CB7D /* EssentialFeediOS.framework in Frameworks */,
			);
			runOnlyForDeploymentPostprocessing = 0;
		};
		537A28CE25AF79AD0059D60B /* Frameworks */ = {
			isa = PBXFrameworksBuildPhase;
			buildActionMask = 2147483647;
			files = (
			);
			runOnlyForDeploymentPostprocessing = 0;
		};
		537A28D725AF79AD0059D60B /* Frameworks */ = {
			isa = PBXFrameworksBuildPhase;
			buildActionMask = 2147483647;
			files = (
				537A28DB25AF79AD0059D60B /* EssentialDeveloperFeed.framework in Frameworks */,
			);
			runOnlyForDeploymentPostprocessing = 0;
		};
		53D9C66F261A58AF00ACBDCE /* Frameworks */ = {
			isa = PBXFrameworksBuildPhase;
			buildActionMask = 2147483647;
			files = (
				53D9C677261A58AF00ACBDCE /* EssentialDeveloperFeed.framework in Frameworks */,
			);
			runOnlyForDeploymentPostprocessing = 0;
		};
/* End PBXFrameworksBuildPhase section */

/* Begin PBXGroup section */
		53631786267CB4BB00D1CB7D /* Infrastructure */ = {
			isa = PBXGroup;
			children = (
				5363178E267CB52F00D1CB7D /* CoreData */,
			);
			path = Infrastructure;
			sourceTree = "<group>";
		};
		5363178E267CB52F00D1CB7D /* CoreData */ = {
			isa = PBXGroup;
			children = (
				53631778267CAAFB00D1CB7D /* CoreDataFeedStore.swift */,
				5363177D267CAC9D00D1CB7D /* FeedStore.xcdatamodeld */,
				5363178F267CB54200D1CB7D /* CoreDataHelpers.swift */,
				53631797267CB5CE00D1CB7D /* ManagedCache.swift */,
				5363179C267CB5FA00D1CB7D /* ManagedFeedImage.swift */,
			);
			path = CoreData;
			sourceTree = "<group>";
		};
		536317A6267D2D2800D1CB7D /* EssentialDeveloperFeedCacheIntegrationTests */ = {
			isa = PBXGroup;
			children = (
				536317A7267D2D2800D1CB7D /* EssentialDeveloperFeedCacheIntegrationTests.swift */,
				536317A9267D2D2800D1CB7D /* Info.plist */,
			);
			path = EssentialDeveloperFeedCacheIntegrationTests;
			sourceTree = "<group>";
		};
		5363182A2681F17A00D1CB7D /* EssentialFeediOS */ = {
			isa = PBXGroup;
			children = (
				537499B0269B834F0059808F /* FeedPresentation */,
				536318ED2685386400D1CB7D /* FeedImageLoader */,
				536318EA2685381D00D1CB7D /* FeedUI */,
				5363182C2681F17A00D1CB7D /* Info.plist */,
			);
			path = EssentialFeediOS;
			sourceTree = "<group>";
		};
		536318352681F17B00D1CB7D /* EssentialFeediOSTests */ = {
			isa = PBXGroup;
			children = (
				536318382681F17B00D1CB7D /* Info.plist */,
				5363184C2683419B00D1CB7D /* FeedViewControllerTests.swift */,
			);
			path = EssentialFeediOSTests;
			sourceTree = "<group>";
		};
		536318542683446100D1CB7D /* Frameworks */ = {
			isa = PBXGroup;
			children = (
			);
			name = Frameworks;
			sourceTree = "<group>";
		};
		536318EA2685381D00D1CB7D /* FeedUI */ = {
			isa = PBXGroup;
			children = (
				536319082685424F00D1CB7D /* Composers */,
				536318EC2685383300D1CB7D /* Views */,
				536318EB2685382600D1CB7D /* Controllers */,
			);
			path = FeedUI;
			sourceTree = "<group>";
		};
		536318EB2685382600D1CB7D /* Controllers */ = {
			isa = PBXGroup;
			children = (
				536318862684AEA600D1CB7D /* FeedViewController.swift */,
				536318FA26853A7F00D1CB7D /* FeedRefreshViewController.swift */,
				5363190126853ECB00D1CB7D /* FeedImageCellController.swift */,
			);
			path = Controllers;
			sourceTree = "<group>";
		};
		536318EC2685383300D1CB7D /* Views */ = {
			isa = PBXGroup;
			children = (
				5363188D2684B72800D1CB7D /* FeedImageCell.swift */,
				536318942684CBA000D1CB7D /* UIView+Shimmering.swift */,
				537499D2269CD54B0059808F /* Feed.storyboard */,
				537499D9269CD5D40059808F /* Feed.xcassets */,
			);
			path = Views;
			sourceTree = "<group>";
		};
		536318ED2685386400D1CB7D /* FeedImageLoader */ = {
			isa = PBXGroup;
			children = (
				536318EE2685387500D1CB7D /* FeedImageDataLoader.swift */,
			);
			path = FeedImageLoader;
			sourceTree = "<group>";
		};
		536319082685424F00D1CB7D /* Composers */ = {
			isa = PBXGroup;
			children = (
				536319092685425E00D1CB7D /* FeedUIComposer.swift */,
			);
			path = Composers;
			sourceTree = "<group>";
		};
		537499B0269B834F0059808F /* FeedPresentation */ = {
			isa = PBXGroup;
			children = (
				536319222687548800D1CB7D /* FeedImageViewModel.swift */,
				537499B1269B83960059808F /* FeedPresenter.swift */,
				537499BD269B8FEF0059808F /* FeedImagePresenter.swift */,
				537499C4269B90F10059808F /* FeedLoadingViewModel.swift */,
				537499CB269B91120059808F /* FeedViewModel.swift */,
			);
			path = FeedPresentation;
			sourceTree = "<group>";
		};
		537A28C725AF79AD0059D60B = {
			isa = PBXGroup;
			children = (
				537A28D325AF79AD0059D60B /* EssentialDeveloperFeed */,
				537A28DE25AF79AD0059D60B /* EssentialDeveloperFeedTests */,
				53D9C673261A58AF00ACBDCE /* EssentialDeveloperFeedAPIEndToEndTests */,
				536317A6267D2D2800D1CB7D /* EssentialDeveloperFeedCacheIntegrationTests */,
				5363182A2681F17A00D1CB7D /* EssentialFeediOS */,
				536318352681F17B00D1CB7D /* EssentialFeediOSTests */,
				537A28D225AF79AD0059D60B /* Products */,
				536318542683446100D1CB7D /* Frameworks */,
			);
			sourceTree = "<group>";
		};
		537A28D225AF79AD0059D60B /* Products */ = {
			isa = PBXGroup;
			children = (
				537A28D125AF79AD0059D60B /* EssentialDeveloperFeed.framework */,
				537A28DA25AF79AD0059D60B /* EssentialDeveloperFeedTests.xctest */,
				53D9C672261A58AF00ACBDCE /* EssentialDeveloperFeedAPIEndToEndTests.xctest */,
				536317A5267D2D2800D1CB7D /* EssentialDeveloperFeedCacheIntegrationTests.xctest */,
				536318292681F17A00D1CB7D /* EssentialFeediOS.framework */,
				536318312681F17B00D1CB7D /* EssentialFeediOSTests.xctest */,
			);
			name = Products;
			sourceTree = "<group>";
		};
		537A28D325AF79AD0059D60B /* EssentialDeveloperFeed */ = {
			isa = PBXGroup;
			children = (
				53D9C69F265FB99500ACBDCE /* FeedCache */,
				537A28D425AF79AD0059D60B /* EssentialDeveloperFeed.h */,
				537A28D525AF79AD0059D60B /* Info.plist */,
				537A28F525AF7B1C0059D60B /* FeedFeature */,
				537A291D25B22C400059D60B /* FeedAPI */,
			);
			path = EssentialDeveloperFeed;
			sourceTree = "<group>";
		};
		537A28DE25AF79AD0059D60B /* EssentialDeveloperFeedTests */ = {
			isa = PBXGroup;
			children = (
				53D9C65F2618FD8300ACBDCE /* Helpers */,
				53D9C68D265BB5DE00ACBDCE /* FeedCache */,
				53DA286025F564FA00F06115 /* FeedAPI */,
				537A28E125AF79AD0059D60B /* Info.plist */,
			);
			path = EssentialDeveloperFeedTests;
			sourceTree = "<group>";
		};
		537A28F525AF7B1C0059D60B /* FeedFeature */ = {
			isa = PBXGroup;
			children = (
				537A28F125AF7AAD0059D60B /* FeedLoader.swift */,
				537A28ED25AF7A0D0059D60B /* FeedItem.swift */,
			);
			path = FeedFeature;
			sourceTree = "<group>";
		};
		537A291D25B22C400059D60B /* FeedAPI */ = {
			isa = PBXGroup;
			children = (
				537A291E25B22C600059D60B /* RemoteFeedLoader.swift */,
				53DA285625F55DB200F06115 /* HTTPClient.swift */,
				53DA285A25F55DE600F06115 /* FeedItemsMapper.swift */,
				53D9C66A261919C900ACBDCE /* URLSessionHTTPClient.swift */,
				53D9C6AD2664F2D500ACBDCE /* RemoteFeedItem.swift */,
			);
			path = FeedAPI;
			sourceTree = "<group>";
		};
		53C0CFE5267B768C00839829 /* FeedStoreSpecs */ = {
			isa = PBXGroup;
			children = (
				53C0CFCC267B70FE00839829 /* FeedStoreSpecs.swift */,
				53C0CFD1267B718D00839829 /* XCTestCase+FeedStoreSpecs.swift */,
				53C0CFD6267B750500839829 /* XCTestCase+FailableRetrieveFeedStoreSpecs.swift */,
				53C0CFDB267B75C500839829 /* XCTestCase+FailableInsertFeedStoreSpecs.swift */,
				53C0CFE0267B762A00839829 /* XCTestCase+FailableDeleteFeedStoreSpecs.swift */,
			);
			path = FeedStoreSpecs;
			sourceTree = "<group>";
		};
		53D9C65F2618FD8300ACBDCE /* Helpers */ = {
			isa = PBXGroup;
			children = (
				53D9C6602618FDBA00ACBDCE /* XCTestCase+MemoryLeakTracking.swift */,
				53D9C6D5266BDDFF00ACBDCE /* SharedTestHelpers.swift */,
			);
			path = Helpers;
			sourceTree = "<group>";
		};
		53D9C673261A58AF00ACBDCE /* EssentialDeveloperFeedAPIEndToEndTests */ = {
			isa = PBXGroup;
			children = (
				53D9C674261A58AF00ACBDCE /* EssentialDeveloperFeedAPIEndToEndTests.swift */,
				53D9C676261A58AF00ACBDCE /* Info.plist */,
			);
			path = EssentialDeveloperFeedAPIEndToEndTests;
			sourceTree = "<group>";
		};
		53D9C68D265BB5DE00ACBDCE /* FeedCache */ = {
			isa = PBXGroup;
			children = (
				53C0CFE5267B768C00839829 /* FeedStoreSpecs */,
				53D9C6C226664EAF00ACBDCE /* Helpers */,
				53D9C68E265BB5F900ACBDCE /* CacheFeedUseCaseTests.swift */,
				53D9C6BD26664D7700ACBDCE /* LoadFeedFromCacheUseCaseTests.swift */,
				53D9C6CB266BD96700ACBDCE /* ValidateFeedCacheUseCaseTests.swift */,
				53631773267CAA6B00D1CB7D /* CoreDataFeedStoreTests.swift */,
			);
			path = FeedCache;
			sourceTree = "<group>";
		};
		53D9C69F265FB99500ACBDCE /* FeedCache */ = {
			isa = PBXGroup;
			children = (
				53631786267CB4BB00D1CB7D /* Infrastructure */,
				53D9C6A0265FB9A500ACBDCE /* LocalFeedLoader.swift */,
				53D9C6A82664EAB900ACBDCE /* FeedStore.swift */,
				53D9C6B22664F31C00ACBDCE /* LocalFeedImage.swift */,
				53D9C6DA266BFE6D00ACBDCE /* FeedCachePolicy.swift */,
			);
			path = FeedCache;
			sourceTree = "<group>";
		};
		53D9C6C226664EAF00ACBDCE /* Helpers */ = {
			isa = PBXGroup;
			children = (
				53D9C6C326664EBF00ACBDCE /* FeedStoreSpy.swift */,
				53D9C6D0266BDD1200ACBDCE /* FeedCacheTestsHelpers.swift */,
			);
			path = Helpers;
			sourceTree = "<group>";
		};
		53DA286025F564FA00F06115 /* FeedAPI */ = {
			isa = PBXGroup;
			children = (
				537A28DF25AF79AD0059D60B /* LoadFeedFromRemoteUseCasesTests.swift */,
				53F669AB2600C8E50036F38B /* URLSessionHTTPClientTests.swift */,
			);
			path = FeedAPI;
			sourceTree = "<group>";
		};
/* End PBXGroup section */

/* Begin PBXHeadersBuildPhase section */
		536318242681F17A00D1CB7D /* Headers */ = {
			isa = PBXHeadersBuildPhase;
			buildActionMask = 2147483647;
			files = (
			);
			runOnlyForDeploymentPostprocessing = 0;
		};
		537A28CC25AF79AD0059D60B /* Headers */ = {
			isa = PBXHeadersBuildPhase;
			buildActionMask = 2147483647;
			files = (
				537A28E225AF79AD0059D60B /* EssentialDeveloperFeed.h in Headers */,
			);
			runOnlyForDeploymentPostprocessing = 0;
		};
/* End PBXHeadersBuildPhase section */

/* Begin PBXNativeTarget section */
		536317A4267D2D2800D1CB7D /* EssentialDeveloperFeedCacheIntegrationTests */ = {
			isa = PBXNativeTarget;
			buildConfigurationList = 536317AD267D2D2800D1CB7D /* Build configuration list for PBXNativeTarget "EssentialDeveloperFeedCacheIntegrationTests" */;
			buildPhases = (
				536317A1267D2D2800D1CB7D /* Sources */,
				536317A2267D2D2800D1CB7D /* Frameworks */,
				536317A3267D2D2800D1CB7D /* Resources */,
			);
			buildRules = (
			);
			dependencies = (
				536317AC267D2D2800D1CB7D /* PBXTargetDependency */,
			);
			name = EssentialDeveloperFeedCacheIntegrationTests;
			productName = EssentialDeveloperFeedCacheIntegrationTests;
			productReference = 536317A5267D2D2800D1CB7D /* EssentialDeveloperFeedCacheIntegrationTests.xctest */;
			productType = "com.apple.product-type.bundle.unit-test";
		};
		536318282681F17A00D1CB7D /* EssentialFeediOS */ = {
			isa = PBXNativeTarget;
			buildConfigurationList = 5363183A2681F17B00D1CB7D /* Build configuration list for PBXNativeTarget "EssentialFeediOS" */;
			buildPhases = (
				536318242681F17A00D1CB7D /* Headers */,
				536318252681F17A00D1CB7D /* Sources */,
				536318262681F17A00D1CB7D /* Frameworks */,
				536318272681F17A00D1CB7D /* Resources */,
				536318592683446100D1CB7D /* Embed Frameworks */,
			);
			buildRules = (
			);
			dependencies = (
				536318582683446100D1CB7D /* PBXTargetDependency */,
			);
			name = EssentialFeediOS;
			productName = EssentialFeediOS;
			productReference = 536318292681F17A00D1CB7D /* EssentialFeediOS.framework */;
			productType = "com.apple.product-type.framework";
		};
		536318302681F17B00D1CB7D /* EssentialFeediOSTests */ = {
			isa = PBXNativeTarget;
			buildConfigurationList = 5363183D2681F17B00D1CB7D /* Build configuration list for PBXNativeTarget "EssentialFeediOSTests" */;
			buildPhases = (
				5363182D2681F17B00D1CB7D /* Sources */,
				5363182E2681F17B00D1CB7D /* Frameworks */,
				5363182F2681F17B00D1CB7D /* Resources */,
			);
			buildRules = (
			);
			dependencies = (
				536318342681F17B00D1CB7D /* PBXTargetDependency */,
			);
			name = EssentialFeediOSTests;
			productName = EssentialFeediOSTests;
			productReference = 536318312681F17B00D1CB7D /* EssentialFeediOSTests.xctest */;
			productType = "com.apple.product-type.bundle.unit-test";
		};
		537A28D025AF79AD0059D60B /* EssentialDeveloperFeed */ = {
			isa = PBXNativeTarget;
			buildConfigurationList = 537A28E525AF79AD0059D60B /* Build configuration list for PBXNativeTarget "EssentialDeveloperFeed" */;
			buildPhases = (
				537A28CC25AF79AD0059D60B /* Headers */,
				537A28CD25AF79AD0059D60B /* Sources */,
				537A28CE25AF79AD0059D60B /* Frameworks */,
				537A28CF25AF79AD0059D60B /* Resources */,
			);
			buildRules = (
			);
			dependencies = (
			);
			name = EssentialDeveloperFeed;
			productName = EssentialDeveloperFeed;
			productReference = 537A28D125AF79AD0059D60B /* EssentialDeveloperFeed.framework */;
			productType = "com.apple.product-type.framework";
		};
		537A28D925AF79AD0059D60B /* EssentialDeveloperFeedTests */ = {
			isa = PBXNativeTarget;
			buildConfigurationList = 537A28E825AF79AD0059D60B /* Build configuration list for PBXNativeTarget "EssentialDeveloperFeedTests" */;
			buildPhases = (
				537A28D625AF79AD0059D60B /* Sources */,
				537A28D725AF79AD0059D60B /* Frameworks */,
				537A28D825AF79AD0059D60B /* Resources */,
			);
			buildRules = (
			);
			dependencies = (
				537A28DD25AF79AD0059D60B /* PBXTargetDependency */,
			);
			name = EssentialDeveloperFeedTests;
			productName = EssentialDeveloperFeedTests;
			productReference = 537A28DA25AF79AD0059D60B /* EssentialDeveloperFeedTests.xctest */;
			productType = "com.apple.product-type.bundle.unit-test";
		};
		53D9C671261A58AF00ACBDCE /* EssentialDeveloperFeedAPIEndToEndTests */ = {
			isa = PBXNativeTarget;
			buildConfigurationList = 53D9C67A261A58AF00ACBDCE /* Build configuration list for PBXNativeTarget "EssentialDeveloperFeedAPIEndToEndTests" */;
			buildPhases = (
				53D9C66E261A58AF00ACBDCE /* Sources */,
				53D9C66F261A58AF00ACBDCE /* Frameworks */,
				53D9C670261A58AF00ACBDCE /* Resources */,
			);
			buildRules = (
			);
			dependencies = (
				53D9C679261A58AF00ACBDCE /* PBXTargetDependency */,
			);
			name = EssentialDeveloperFeedAPIEndToEndTests;
			productName = EssentialDeveloperFeedAPIEndToEndTests;
			productReference = 53D9C672261A58AF00ACBDCE /* EssentialDeveloperFeedAPIEndToEndTests.xctest */;
			productType = "com.apple.product-type.bundle.unit-test";
		};
/* End PBXNativeTarget section */

/* Begin PBXProject section */
		537A28C825AF79AD0059D60B /* Project object */ = {
			isa = PBXProject;
			attributes = {
				LastSwiftUpdateCheck = 1240;
				LastUpgradeCheck = 1230;
				TargetAttributes = {
					536317A4267D2D2800D1CB7D = {
						CreatedOnToolsVersion = 12.4;
					};
					536318282681F17A00D1CB7D = {
						CreatedOnToolsVersion = 12.4;
						LastSwiftMigration = 1240;
					};
					536318302681F17B00D1CB7D = {
						CreatedOnToolsVersion = 12.4;
						LastSwiftMigration = 1240;
					};
					537A28D025AF79AD0059D60B = {
						CreatedOnToolsVersion = 12.3;
						LastSwiftMigration = 1230;
					};
					537A28D925AF79AD0059D60B = {
						CreatedOnToolsVersion = 12.3;
					};
					53D9C671261A58AF00ACBDCE = {
						CreatedOnToolsVersion = 12.4;
					};
				};
			};
			buildConfigurationList = 537A28CB25AF79AD0059D60B /* Build configuration list for PBXProject "EssentialDeveloperFeed" */;
			compatibilityVersion = "Xcode 9.3";
			developmentRegion = en;
			hasScannedForEncodings = 0;
			knownRegions = (
				en,
				Base,
			);
			mainGroup = 537A28C725AF79AD0059D60B;
			productRefGroup = 537A28D225AF79AD0059D60B /* Products */;
			projectDirPath = "";
			projectRoot = "";
			targets = (
				537A28D025AF79AD0059D60B /* EssentialDeveloperFeed */,
				537A28D925AF79AD0059D60B /* EssentialDeveloperFeedTests */,
				53D9C671261A58AF00ACBDCE /* EssentialDeveloperFeedAPIEndToEndTests */,
				536317A4267D2D2800D1CB7D /* EssentialDeveloperFeedCacheIntegrationTests */,
				536318282681F17A00D1CB7D /* EssentialFeediOS */,
				536318302681F17B00D1CB7D /* EssentialFeediOSTests */,
			);
		};
/* End PBXProject section */

/* Begin PBXResourcesBuildPhase section */
		536317A3267D2D2800D1CB7D /* Resources */ = {
			isa = PBXResourcesBuildPhase;
			buildActionMask = 2147483647;
			files = (
			);
			runOnlyForDeploymentPostprocessing = 0;
		};
		536318272681F17A00D1CB7D /* Resources */ = {
			isa = PBXResourcesBuildPhase;
			buildActionMask = 2147483647;
			files = (
				537499D3269CD54B0059808F /* Feed.storyboard in Resources */,
				537499DA269CD5D40059808F /* Feed.xcassets in Resources */,
			);
			runOnlyForDeploymentPostprocessing = 0;
		};
		5363182F2681F17B00D1CB7D /* Resources */ = {
			isa = PBXResourcesBuildPhase;
			buildActionMask = 2147483647;
			files = (
			);
			runOnlyForDeploymentPostprocessing = 0;
		};
		537A28CF25AF79AD0059D60B /* Resources */ = {
			isa = PBXResourcesBuildPhase;
			buildActionMask = 2147483647;
			files = (
			);
			runOnlyForDeploymentPostprocessing = 0;
		};
		537A28D825AF79AD0059D60B /* Resources */ = {
			isa = PBXResourcesBuildPhase;
			buildActionMask = 2147483647;
			files = (
			);
			runOnlyForDeploymentPostprocessing = 0;
		};
		53D9C670261A58AF00ACBDCE /* Resources */ = {
			isa = PBXResourcesBuildPhase;
			buildActionMask = 2147483647;
			files = (
			);
			runOnlyForDeploymentPostprocessing = 0;
		};
/* End PBXResourcesBuildPhase section */

/* Begin PBXSourcesBuildPhase section */
		536317A1267D2D2800D1CB7D /* Sources */ = {
			isa = PBXSourcesBuildPhase;
			buildActionMask = 2147483647;
			files = (
				536317C7267D335100D1CB7D /* SharedTestHelpers.swift in Sources */,
				536317A8267D2D2800D1CB7D /* EssentialDeveloperFeedCacheIntegrationTests.swift in Sources */,
				536317B4267D303D00D1CB7D /* XCTestCase+MemoryLeakTracking.swift in Sources */,
				536317C2267D334900D1CB7D /* FeedCacheTestsHelpers.swift in Sources */,
			);
			runOnlyForDeploymentPostprocessing = 0;
		};
		536318252681F17A00D1CB7D /* Sources */ = {
			isa = PBXSourcesBuildPhase;
			buildActionMask = 2147483647;
			files = (
				537499B2269B83960059808F /* FeedPresenter.swift in Sources */,
				536318EF2685387500D1CB7D /* FeedImageDataLoader.swift in Sources */,
				537499CC269B91120059808F /* FeedViewModel.swift in Sources */,
				536318FB26853A7F00D1CB7D /* FeedRefreshViewController.swift in Sources */,
				537499C5269B90F10059808F /* FeedLoadingViewModel.swift in Sources */,
				536318952684CBA000D1CB7D /* UIView+Shimmering.swift in Sources */,
				537499BE269B8FEF0059808F /* FeedImagePresenter.swift in Sources */,
				536318872684AEA600D1CB7D /* FeedViewController.swift in Sources */,
				5363188E2684B72800D1CB7D /* FeedImageCell.swift in Sources */,
				536319232687548800D1CB7D /* FeedImageViewModel.swift in Sources */,
				5363190226853ECB00D1CB7D /* FeedImageCellController.swift in Sources */,
				5363190A2685425E00D1CB7D /* FeedUIComposer.swift in Sources */,
			);
			runOnlyForDeploymentPostprocessing = 0;
		};
		5363182D2681F17B00D1CB7D /* Sources */ = {
			isa = PBXSourcesBuildPhase;
			buildActionMask = 2147483647;
			files = (
				5363184D2683419B00D1CB7D /* FeedViewControllerTests.swift in Sources */,
				5363185F2683456900D1CB7D /* XCTestCase+MemoryLeakTracking.swift in Sources */,
			);
			runOnlyForDeploymentPostprocessing = 0;
		};
		537A28CD25AF79AD0059D60B /* Sources */ = {
			isa = PBXSourcesBuildPhase;
			buildActionMask = 2147483647;
			files = (
				53631790267CB54200D1CB7D /* CoreDataHelpers.swift in Sources */,
				53DA285B25F55DE600F06115 /* FeedItemsMapper.swift in Sources */,
				537A28F225AF7AAD0059D60B /* FeedLoader.swift in Sources */,
				53D9C6AE2664F2D500ACBDCE /* RemoteFeedItem.swift in Sources */,
				53D9C6DB266BFE6D00ACBDCE /* FeedCachePolicy.swift in Sources */,
				537A291F25B22C600059D60B /* RemoteFeedLoader.swift in Sources */,
				5363177F267CAC9D00D1CB7D /* FeedStore.xcdatamodeld in Sources */,
				53D9C6B32664F31C00ACBDCE /* LocalFeedImage.swift in Sources */,
				53D9C6A92664EAB900ACBDCE /* FeedStore.swift in Sources */,
				53D9C6A1265FB9A500ACBDCE /* LocalFeedLoader.swift in Sources */,
				53DA285725F55DB200F06115 /* HTTPClient.swift in Sources */,
				537A28EE25AF7A0D0059D60B /* FeedItem.swift in Sources */,
				53D9C66B261919C900ACBDCE /* URLSessionHTTPClient.swift in Sources */,
				53631798267CB5CE00D1CB7D /* ManagedCache.swift in Sources */,
				53631779267CAAFB00D1CB7D /* CoreDataFeedStore.swift in Sources */,
				5363179D267CB5FA00D1CB7D /* ManagedFeedImage.swift in Sources */,
			);
			runOnlyForDeploymentPostprocessing = 0;
		};
		537A28D625AF79AD0059D60B /* Sources */ = {
			isa = PBXSourcesBuildPhase;
			buildActionMask = 2147483647;
			files = (
				53D9C6CC266BD96700ACBDCE /* ValidateFeedCacheUseCaseTests.swift in Sources */,
				537A28E025AF79AD0059D60B /* LoadFeedFromRemoteUseCasesTests.swift in Sources */,
				53F669AC2600C8E50036F38B /* URLSessionHTTPClientTests.swift in Sources */,
				53C0CFDC267B75C500839829 /* XCTestCase+FailableInsertFeedStoreSpecs.swift in Sources */,
				53D9C6C426664EBF00ACBDCE /* FeedStoreSpy.swift in Sources */,
				53D9C6D1266BDD1200ACBDCE /* FeedCacheTestsHelpers.swift in Sources */,
				53D9C6D6266BDDFF00ACBDCE /* SharedTestHelpers.swift in Sources */,
				53D9C68F265BB5F900ACBDCE /* CacheFeedUseCaseTests.swift in Sources */,
				53C0CFE1267B762A00839829 /* XCTestCase+FailableDeleteFeedStoreSpecs.swift in Sources */,
				53C0CFD7267B750500839829 /* XCTestCase+FailableRetrieveFeedStoreSpecs.swift in Sources */,
				53D9C6BE26664D7700ACBDCE /* LoadFeedFromCacheUseCaseTests.swift in Sources */,
				53C0CFCD267B70FE00839829 /* FeedStoreSpecs.swift in Sources */,
				53D9C6612618FDBA00ACBDCE /* XCTestCase+MemoryLeakTracking.swift in Sources */,
				53631774267CAA6B00D1CB7D /* CoreDataFeedStoreTests.swift in Sources */,
				53C0CFD2267B718D00839829 /* XCTestCase+FeedStoreSpecs.swift in Sources */,
			);
			runOnlyForDeploymentPostprocessing = 0;
		};
		53D9C66E261A58AF00ACBDCE /* Sources */ = {
			isa = PBXSourcesBuildPhase;
			buildActionMask = 2147483647;
			files = (
				53D9C675261A58AF00ACBDCE /* EssentialDeveloperFeedAPIEndToEndTests.swift in Sources */,
				53D9C680261A5F6500ACBDCE /* XCTestCase+MemoryLeakTracking.swift in Sources */,
			);
			runOnlyForDeploymentPostprocessing = 0;
		};
/* End PBXSourcesBuildPhase section */

/* Begin PBXTargetDependency section */
		536317AC267D2D2800D1CB7D /* PBXTargetDependency */ = {
			isa = PBXTargetDependency;
			target = 537A28D025AF79AD0059D60B /* EssentialDeveloperFeed */;
			targetProxy = 536317AB267D2D2800D1CB7D /* PBXContainerItemProxy */;
		};
		536318342681F17B00D1CB7D /* PBXTargetDependency */ = {
			isa = PBXTargetDependency;
			target = 536318282681F17A00D1CB7D /* EssentialFeediOS */;
			targetProxy = 536318332681F17B00D1CB7D /* PBXContainerItemProxy */;
		};
		536318582683446100D1CB7D /* PBXTargetDependency */ = {
			isa = PBXTargetDependency;
			platformFilter = ios;
			target = 537A28D025AF79AD0059D60B /* EssentialDeveloperFeed */;
			targetProxy = 536318572683446100D1CB7D /* PBXContainerItemProxy */;
		};
		537A28DD25AF79AD0059D60B /* PBXTargetDependency */ = {
			isa = PBXTargetDependency;
			target = 537A28D025AF79AD0059D60B /* EssentialDeveloperFeed */;
			targetProxy = 537A28DC25AF79AD0059D60B /* PBXContainerItemProxy */;
		};
		53D9C679261A58AF00ACBDCE /* PBXTargetDependency */ = {
			isa = PBXTargetDependency;
			target = 537A28D025AF79AD0059D60B /* EssentialDeveloperFeed */;
			targetProxy = 53D9C678261A58AF00ACBDCE /* PBXContainerItemProxy */;
		};
/* End PBXTargetDependency section */

/* Begin XCBuildConfiguration section */
		536317AE267D2D2800D1CB7D /* Debug */ = {
			isa = XCBuildConfiguration;
			buildSettings = {
				CODE_SIGN_STYLE = Automatic;
				COMBINE_HIDPI_IMAGES = YES;
				DEVELOPMENT_TEAM = L9CMSL6QFV;
				INFOPLIST_FILE = EssentialDeveloperFeedCacheIntegrationTests/Info.plist;
				LD_RUNPATH_SEARCH_PATHS = (
					"$(inherited)",
					"@executable_path/../Frameworks",
					"@loader_path/../Frameworks",
				);
				PRODUCT_BUNDLE_IDENTIFIER = com.liviavasconcelos.EssentialDeveloperFeedCacheIntegrationTests;
				PRODUCT_NAME = "$(TARGET_NAME)";
				SUPPORTED_PLATFORMS = "macosx iphoneos iphonesimulator";
				SWIFT_VERSION = 5.0;
			};
			name = Debug;
		};
		536317AF267D2D2800D1CB7D /* Release */ = {
			isa = XCBuildConfiguration;
			buildSettings = {
				CODE_SIGN_STYLE = Automatic;
				COMBINE_HIDPI_IMAGES = YES;
				DEVELOPMENT_TEAM = L9CMSL6QFV;
				INFOPLIST_FILE = EssentialDeveloperFeedCacheIntegrationTests/Info.plist;
				LD_RUNPATH_SEARCH_PATHS = (
					"$(inherited)",
					"@executable_path/../Frameworks",
					"@loader_path/../Frameworks",
				);
				PRODUCT_BUNDLE_IDENTIFIER = com.liviavasconcelos.EssentialDeveloperFeedCacheIntegrationTests;
				PRODUCT_NAME = "$(TARGET_NAME)";
				SUPPORTED_PLATFORMS = "macosx iphoneos iphonesimulator";
				SWIFT_VERSION = 5.0;
			};
			name = Release;
		};
		5363183B2681F17B00D1CB7D /* Debug */ = {
			isa = XCBuildConfiguration;
			buildSettings = {
				CLANG_ENABLE_MODULES = YES;
				CODE_SIGN_STYLE = Automatic;
				DEFINES_MODULE = YES;
				DEVELOPMENT_TEAM = L9CMSL6QFV;
				DYLIB_COMPATIBILITY_VERSION = 1;
				DYLIB_CURRENT_VERSION = 1;
				DYLIB_INSTALL_NAME_BASE = "@rpath";
				INFOPLIST_FILE = EssentialFeediOS/Info.plist;
				INSTALL_PATH = "$(LOCAL_LIBRARY_DIR)/Frameworks";
				IPHONEOS_DEPLOYMENT_TARGET = 14.4;
				LD_RUNPATH_SEARCH_PATHS = (
					"$(inherited)",
					"@executable_path/Frameworks",
					"@loader_path/Frameworks",
				);
				PRODUCT_BUNDLE_IDENTIFIER = com.liviavasconcelos.EssentialFeediOS;
				PRODUCT_NAME = "$(TARGET_NAME:c99extidentifier)";
				SDKROOT = iphoneos;
				SKIP_INSTALL = YES;
				SWIFT_OPTIMIZATION_LEVEL = "-Onone";
				SWIFT_VERSION = 5.0;
				TARGETED_DEVICE_FAMILY = "1,2";
			};
			name = Debug;
		};
		5363183C2681F17B00D1CB7D /* Release */ = {
			isa = XCBuildConfiguration;
			buildSettings = {
				CLANG_ENABLE_MODULES = YES;
				CODE_SIGN_STYLE = Automatic;
				DEFINES_MODULE = YES;
				DEVELOPMENT_TEAM = L9CMSL6QFV;
				DYLIB_COMPATIBILITY_VERSION = 1;
				DYLIB_CURRENT_VERSION = 1;
				DYLIB_INSTALL_NAME_BASE = "@rpath";
				INFOPLIST_FILE = EssentialFeediOS/Info.plist;
				INSTALL_PATH = "$(LOCAL_LIBRARY_DIR)/Frameworks";
				IPHONEOS_DEPLOYMENT_TARGET = 14.4;
				LD_RUNPATH_SEARCH_PATHS = (
					"$(inherited)",
					"@executable_path/Frameworks",
					"@loader_path/Frameworks",
				);
				PRODUCT_BUNDLE_IDENTIFIER = com.liviavasconcelos.EssentialFeediOS;
				PRODUCT_NAME = "$(TARGET_NAME:c99extidentifier)";
				SDKROOT = iphoneos;
				SKIP_INSTALL = YES;
				SWIFT_VERSION = 5.0;
				TARGETED_DEVICE_FAMILY = "1,2";
				VALIDATE_PRODUCT = YES;
			};
			name = Release;
		};
		5363183E2681F17B00D1CB7D /* Debug */ = {
			isa = XCBuildConfiguration;
			buildSettings = {
				ALWAYS_EMBED_SWIFT_STANDARD_LIBRARIES = YES;
				CLANG_ENABLE_MODULES = YES;
				CODE_SIGN_STYLE = Automatic;
				DEVELOPMENT_TEAM = L9CMSL6QFV;
				INFOPLIST_FILE = EssentialFeediOSTests/Info.plist;
				IPHONEOS_DEPLOYMENT_TARGET = 14.4;
				LD_RUNPATH_SEARCH_PATHS = (
					"$(inherited)",
					"@executable_path/Frameworks",
					"@loader_path/Frameworks",
				);
				PRODUCT_BUNDLE_IDENTIFIER = com.liviavasconcelos.EssentialFeediOSTests;
				PRODUCT_NAME = "$(TARGET_NAME)";
				SDKROOT = iphoneos;
				SWIFT_OPTIMIZATION_LEVEL = "-Onone";
				SWIFT_VERSION = 5.0;
				TARGETED_DEVICE_FAMILY = "1,2";
			};
			name = Debug;
		};
		5363183F2681F17B00D1CB7D /* Release */ = {
			isa = XCBuildConfiguration;
			buildSettings = {
				ALWAYS_EMBED_SWIFT_STANDARD_LIBRARIES = YES;
				CLANG_ENABLE_MODULES = YES;
				CODE_SIGN_STYLE = Automatic;
				DEVELOPMENT_TEAM = L9CMSL6QFV;
				INFOPLIST_FILE = EssentialFeediOSTests/Info.plist;
				IPHONEOS_DEPLOYMENT_TARGET = 14.4;
				LD_RUNPATH_SEARCH_PATHS = (
					"$(inherited)",
					"@executable_path/Frameworks",
					"@loader_path/Frameworks",
				);
				PRODUCT_BUNDLE_IDENTIFIER = com.liviavasconcelos.EssentialFeediOSTests;
				PRODUCT_NAME = "$(TARGET_NAME)";
				SDKROOT = iphoneos;
				SWIFT_VERSION = 5.0;
				TARGETED_DEVICE_FAMILY = "1,2";
				VALIDATE_PRODUCT = YES;
			};
			name = Release;
		};
		537A28E325AF79AD0059D60B /* Debug */ = {
			isa = XCBuildConfiguration;
			buildSettings = {
				ALWAYS_SEARCH_USER_PATHS = NO;
				CLANG_ANALYZER_NONNULL = YES;
				CLANG_ANALYZER_NUMBER_OBJECT_CONVERSION = YES_AGGRESSIVE;
				CLANG_CXX_LANGUAGE_STANDARD = "gnu++14";
				CLANG_CXX_LIBRARY = "libc++";
				CLANG_ENABLE_MODULES = YES;
				CLANG_ENABLE_OBJC_ARC = YES;
				CLANG_ENABLE_OBJC_WEAK = YES;
				CLANG_WARN_BLOCK_CAPTURE_AUTORELEASING = YES;
				CLANG_WARN_BOOL_CONVERSION = YES;
				CLANG_WARN_COMMA = YES;
				CLANG_WARN_CONSTANT_CONVERSION = YES;
				CLANG_WARN_DEPRECATED_OBJC_IMPLEMENTATIONS = YES;
				CLANG_WARN_DIRECT_OBJC_ISA_USAGE = YES_ERROR;
				CLANG_WARN_DOCUMENTATION_COMMENTS = YES;
				CLANG_WARN_EMPTY_BODY = YES;
				CLANG_WARN_ENUM_CONVERSION = YES;
				CLANG_WARN_INFINITE_RECURSION = YES;
				CLANG_WARN_INT_CONVERSION = YES;
				CLANG_WARN_NON_LITERAL_NULL_CONVERSION = YES;
				CLANG_WARN_OBJC_IMPLICIT_RETAIN_SELF = YES;
				CLANG_WARN_OBJC_LITERAL_CONVERSION = YES;
				CLANG_WARN_OBJC_ROOT_CLASS = YES_ERROR;
				CLANG_WARN_QUOTED_INCLUDE_IN_FRAMEWORK_HEADER = YES;
				CLANG_WARN_RANGE_LOOP_ANALYSIS = YES;
				CLANG_WARN_STRICT_PROTOTYPES = YES;
				CLANG_WARN_SUSPICIOUS_MOVE = YES;
				CLANG_WARN_UNGUARDED_AVAILABILITY = YES_AGGRESSIVE;
				CLANG_WARN_UNREACHABLE_CODE = YES;
				CLANG_WARN__DUPLICATE_METHOD_MATCH = YES;
				COPY_PHASE_STRIP = NO;
				CURRENT_PROJECT_VERSION = 1;
				DEBUG_INFORMATION_FORMAT = dwarf;
				ENABLE_STRICT_OBJC_MSGSEND = YES;
				ENABLE_TESTABILITY = YES;
				GCC_C_LANGUAGE_STANDARD = gnu11;
				GCC_DYNAMIC_NO_PIC = NO;
				GCC_NO_COMMON_BLOCKS = YES;
				GCC_OPTIMIZATION_LEVEL = 0;
				GCC_PREPROCESSOR_DEFINITIONS = (
					"DEBUG=1",
					"$(inherited)",
				);
				GCC_WARN_64_TO_32_BIT_CONVERSION = YES;
				GCC_WARN_ABOUT_RETURN_TYPE = YES_ERROR;
				GCC_WARN_UNDECLARED_SELECTOR = YES;
				GCC_WARN_UNINITIALIZED_AUTOS = YES_AGGRESSIVE;
				GCC_WARN_UNUSED_FUNCTION = YES;
				GCC_WARN_UNUSED_VARIABLE = YES;
				MACOSX_DEPLOYMENT_TARGET = 11.1;
				MTL_ENABLE_DEBUG_INFO = INCLUDE_SOURCE;
				MTL_FAST_MATH = YES;
				ONLY_ACTIVE_ARCH = YES;
				SDKROOT = macosx;
				SWIFT_ACTIVE_COMPILATION_CONDITIONS = DEBUG;
				SWIFT_OPTIMIZATION_LEVEL = "-Onone";
				VERSIONING_SYSTEM = "apple-generic";
				VERSION_INFO_PREFIX = "";
			};
			name = Debug;
		};
		537A28E425AF79AD0059D60B /* Release */ = {
			isa = XCBuildConfiguration;
			buildSettings = {
				ALWAYS_SEARCH_USER_PATHS = NO;
				CLANG_ANALYZER_NONNULL = YES;
				CLANG_ANALYZER_NUMBER_OBJECT_CONVERSION = YES_AGGRESSIVE;
				CLANG_CXX_LANGUAGE_STANDARD = "gnu++14";
				CLANG_CXX_LIBRARY = "libc++";
				CLANG_ENABLE_MODULES = YES;
				CLANG_ENABLE_OBJC_ARC = YES;
				CLANG_ENABLE_OBJC_WEAK = YES;
				CLANG_WARN_BLOCK_CAPTURE_AUTORELEASING = YES;
				CLANG_WARN_BOOL_CONVERSION = YES;
				CLANG_WARN_COMMA = YES;
				CLANG_WARN_CONSTANT_CONVERSION = YES;
				CLANG_WARN_DEPRECATED_OBJC_IMPLEMENTATIONS = YES;
				CLANG_WARN_DIRECT_OBJC_ISA_USAGE = YES_ERROR;
				CLANG_WARN_DOCUMENTATION_COMMENTS = YES;
				CLANG_WARN_EMPTY_BODY = YES;
				CLANG_WARN_ENUM_CONVERSION = YES;
				CLANG_WARN_INFINITE_RECURSION = YES;
				CLANG_WARN_INT_CONVERSION = YES;
				CLANG_WARN_NON_LITERAL_NULL_CONVERSION = YES;
				CLANG_WARN_OBJC_IMPLICIT_RETAIN_SELF = YES;
				CLANG_WARN_OBJC_LITERAL_CONVERSION = YES;
				CLANG_WARN_OBJC_ROOT_CLASS = YES_ERROR;
				CLANG_WARN_QUOTED_INCLUDE_IN_FRAMEWORK_HEADER = YES;
				CLANG_WARN_RANGE_LOOP_ANALYSIS = YES;
				CLANG_WARN_STRICT_PROTOTYPES = YES;
				CLANG_WARN_SUSPICIOUS_MOVE = YES;
				CLANG_WARN_UNGUARDED_AVAILABILITY = YES_AGGRESSIVE;
				CLANG_WARN_UNREACHABLE_CODE = YES;
				CLANG_WARN__DUPLICATE_METHOD_MATCH = YES;
				COPY_PHASE_STRIP = NO;
				CURRENT_PROJECT_VERSION = 1;
				DEBUG_INFORMATION_FORMAT = "dwarf-with-dsym";
				ENABLE_NS_ASSERTIONS = NO;
				ENABLE_STRICT_OBJC_MSGSEND = YES;
				GCC_C_LANGUAGE_STANDARD = gnu11;
				GCC_NO_COMMON_BLOCKS = YES;
				GCC_WARN_64_TO_32_BIT_CONVERSION = YES;
				GCC_WARN_ABOUT_RETURN_TYPE = YES_ERROR;
				GCC_WARN_UNDECLARED_SELECTOR = YES;
				GCC_WARN_UNINITIALIZED_AUTOS = YES_AGGRESSIVE;
				GCC_WARN_UNUSED_FUNCTION = YES;
				GCC_WARN_UNUSED_VARIABLE = YES;
				MACOSX_DEPLOYMENT_TARGET = 11.1;
				MTL_ENABLE_DEBUG_INFO = NO;
				MTL_FAST_MATH = YES;
				SDKROOT = macosx;
				SWIFT_COMPILATION_MODE = wholemodule;
				SWIFT_OPTIMIZATION_LEVEL = "-O";
				VERSIONING_SYSTEM = "apple-generic";
				VERSION_INFO_PREFIX = "";
			};
			name = Release;
		};
		537A28E625AF79AD0059D60B /* Debug */ = {
			isa = XCBuildConfiguration;
			buildSettings = {
				CLANG_ENABLE_MODULES = YES;
				CODE_SIGN_STYLE = Automatic;
				COMBINE_HIDPI_IMAGES = YES;
				DEFINES_MODULE = YES;
				DEVELOPMENT_TEAM = L9CMSL6QFV;
				DYLIB_COMPATIBILITY_VERSION = 1;
				DYLIB_CURRENT_VERSION = 1;
				DYLIB_INSTALL_NAME_BASE = "@rpath";
				INFOPLIST_FILE = EssentialDeveloperFeed/Info.plist;
				INSTALL_PATH = "$(LOCAL_LIBRARY_DIR)/Frameworks";
				LD_RUNPATH_SEARCH_PATHS = (
					"$(inherited)",
					"@executable_path/../Frameworks",
					"@loader_path/Frameworks",
				);
				PRODUCT_BUNDLE_IDENTIFIER = com.liviavasconcelos.EssentialDeveloperFeed;
				PRODUCT_NAME = "$(TARGET_NAME:c99extidentifier)";
				SKIP_INSTALL = YES;
				SUPPORTED_PLATFORMS = "macosx iphoneos iphonesimulator";
				SWIFT_OPTIMIZATION_LEVEL = "-Onone";
				SWIFT_VERSION = 5.0;
			};
			name = Debug;
		};
		537A28E725AF79AD0059D60B /* Release */ = {
			isa = XCBuildConfiguration;
			buildSettings = {
				CLANG_ENABLE_MODULES = YES;
				CODE_SIGN_STYLE = Automatic;
				COMBINE_HIDPI_IMAGES = YES;
				DEFINES_MODULE = YES;
				DEVELOPMENT_TEAM = L9CMSL6QFV;
				DYLIB_COMPATIBILITY_VERSION = 1;
				DYLIB_CURRENT_VERSION = 1;
				DYLIB_INSTALL_NAME_BASE = "@rpath";
				INFOPLIST_FILE = EssentialDeveloperFeed/Info.plist;
				INSTALL_PATH = "$(LOCAL_LIBRARY_DIR)/Frameworks";
				LD_RUNPATH_SEARCH_PATHS = (
					"$(inherited)",
					"@executable_path/../Frameworks",
					"@loader_path/Frameworks",
				);
				PRODUCT_BUNDLE_IDENTIFIER = com.liviavasconcelos.EssentialDeveloperFeed;
				PRODUCT_NAME = "$(TARGET_NAME:c99extidentifier)";
				SKIP_INSTALL = YES;
				SUPPORTED_PLATFORMS = "macosx iphoneos iphonesimulator";
				SWIFT_VERSION = 5.0;
			};
			name = Release;
		};
		537A28E925AF79AD0059D60B /* Debug */ = {
			isa = XCBuildConfiguration;
			buildSettings = {
				ALWAYS_EMBED_SWIFT_STANDARD_LIBRARIES = YES;
				CODE_SIGN_STYLE = Automatic;
				COMBINE_HIDPI_IMAGES = YES;
				DEVELOPMENT_TEAM = L9CMSL6QFV;
				INFOPLIST_FILE = EssentialDeveloperFeedTests/Info.plist;
				LD_RUNPATH_SEARCH_PATHS = (
					"$(inherited)",
					"@executable_path/../Frameworks",
					"@loader_path/../Frameworks",
				);
				PRODUCT_BUNDLE_IDENTIFIER = com.liviavasconcelos.EssentialDeveloperFeedTests;
				PRODUCT_NAME = "$(TARGET_NAME)";
				SUPPORTED_PLATFORMS = "macosx iphonesimulator iphoneos";
				SWIFT_VERSION = 5.0;
			};
			name = Debug;
		};
		537A28EA25AF79AD0059D60B /* Release */ = {
			isa = XCBuildConfiguration;
			buildSettings = {
				ALWAYS_EMBED_SWIFT_STANDARD_LIBRARIES = YES;
				CODE_SIGN_STYLE = Automatic;
				COMBINE_HIDPI_IMAGES = YES;
				DEVELOPMENT_TEAM = L9CMSL6QFV;
				INFOPLIST_FILE = EssentialDeveloperFeedTests/Info.plist;
				LD_RUNPATH_SEARCH_PATHS = (
					"$(inherited)",
					"@executable_path/../Frameworks",
					"@loader_path/../Frameworks",
				);
				PRODUCT_BUNDLE_IDENTIFIER = com.liviavasconcelos.EssentialDeveloperFeedTests;
				PRODUCT_NAME = "$(TARGET_NAME)";
				SUPPORTED_PLATFORMS = "macosx iphonesimulator iphoneos";
				SWIFT_VERSION = 5.0;
			};
			name = Release;
		};
		53D9C67B261A58AF00ACBDCE /* Debug */ = {
			isa = XCBuildConfiguration;
			buildSettings = {
				CODE_SIGN_STYLE = Automatic;
				COMBINE_HIDPI_IMAGES = YES;
				DEVELOPMENT_TEAM = L9CMSL6QFV;
				INFOPLIST_FILE = EssentialDeveloperFeedAPIEndToEndTests/Info.plist;
				LD_RUNPATH_SEARCH_PATHS = (
					"$(inherited)",
					"@executable_path/../Frameworks",
					"@loader_path/../Frameworks",
				);
				PRODUCT_BUNDLE_IDENTIFIER = com.liviavasconcelos.EssentialDeveloperFeedAPIEndToEndTests;
				PRODUCT_NAME = "$(TARGET_NAME)";
				SUPPORTED_PLATFORMS = "macosx iphoneos iphonesimulator";
				SWIFT_VERSION = 5.0;
			};
			name = Debug;
		};
		53D9C67C261A58AF00ACBDCE /* Release */ = {
			isa = XCBuildConfiguration;
			buildSettings = {
				CODE_SIGN_STYLE = Automatic;
				COMBINE_HIDPI_IMAGES = YES;
				DEVELOPMENT_TEAM = L9CMSL6QFV;
				INFOPLIST_FILE = EssentialDeveloperFeedAPIEndToEndTests/Info.plist;
				LD_RUNPATH_SEARCH_PATHS = (
					"$(inherited)",
					"@executable_path/../Frameworks",
					"@loader_path/../Frameworks",
				);
				PRODUCT_BUNDLE_IDENTIFIER = com.liviavasconcelos.EssentialDeveloperFeedAPIEndToEndTests;
				PRODUCT_NAME = "$(TARGET_NAME)";
				SUPPORTED_PLATFORMS = "macosx iphoneos iphonesimulator";
				SWIFT_VERSION = 5.0;
			};
			name = Release;
		};
/* End XCBuildConfiguration section */

/* Begin XCConfigurationList section */
		536317AD267D2D2800D1CB7D /* Build configuration list for PBXNativeTarget "EssentialDeveloperFeedCacheIntegrationTests" */ = {
			isa = XCConfigurationList;
			buildConfigurations = (
				536317AE267D2D2800D1CB7D /* Debug */,
				536317AF267D2D2800D1CB7D /* Release */,
			);
			defaultConfigurationIsVisible = 0;
			defaultConfigurationName = Release;
		};
		5363183A2681F17B00D1CB7D /* Build configuration list for PBXNativeTarget "EssentialFeediOS" */ = {
			isa = XCConfigurationList;
			buildConfigurations = (
				5363183B2681F17B00D1CB7D /* Debug */,
				5363183C2681F17B00D1CB7D /* Release */,
			);
			defaultConfigurationIsVisible = 0;
			defaultConfigurationName = Release;
		};
		5363183D2681F17B00D1CB7D /* Build configuration list for PBXNativeTarget "EssentialFeediOSTests" */ = {
			isa = XCConfigurationList;
			buildConfigurations = (
				5363183E2681F17B00D1CB7D /* Debug */,
				5363183F2681F17B00D1CB7D /* Release */,
			);
			defaultConfigurationIsVisible = 0;
			defaultConfigurationName = Release;
		};
		537A28CB25AF79AD0059D60B /* Build configuration list for PBXProject "EssentialDeveloperFeed" */ = {
			isa = XCConfigurationList;
			buildConfigurations = (
				537A28E325AF79AD0059D60B /* Debug */,
				537A28E425AF79AD0059D60B /* Release */,
			);
			defaultConfigurationIsVisible = 0;
			defaultConfigurationName = Release;
		};
		537A28E525AF79AD0059D60B /* Build configuration list for PBXNativeTarget "EssentialDeveloperFeed" */ = {
			isa = XCConfigurationList;
			buildConfigurations = (
				537A28E625AF79AD0059D60B /* Debug */,
				537A28E725AF79AD0059D60B /* Release */,
			);
			defaultConfigurationIsVisible = 0;
			defaultConfigurationName = Release;
		};
		537A28E825AF79AD0059D60B /* Build configuration list for PBXNativeTarget "EssentialDeveloperFeedTests" */ = {
			isa = XCConfigurationList;
			buildConfigurations = (
				537A28E925AF79AD0059D60B /* Debug */,
				537A28EA25AF79AD0059D60B /* Release */,
			);
			defaultConfigurationIsVisible = 0;
			defaultConfigurationName = Release;
		};
		53D9C67A261A58AF00ACBDCE /* Build configuration list for PBXNativeTarget "EssentialDeveloperFeedAPIEndToEndTests" */ = {
			isa = XCConfigurationList;
			buildConfigurations = (
				53D9C67B261A58AF00ACBDCE /* Debug */,
				53D9C67C261A58AF00ACBDCE /* Release */,
			);
			defaultConfigurationIsVisible = 0;
			defaultConfigurationName = Release;
		};
/* End XCConfigurationList section */

/* Begin XCVersionGroup section */
		5363177D267CAC9D00D1CB7D /* FeedStore.xcdatamodeld */ = {
			isa = XCVersionGroup;
			children = (
				5363177E267CAC9D00D1CB7D /* FeedStore.xcdatamodel */,
			);
			currentVersion = 5363177E267CAC9D00D1CB7D /* FeedStore.xcdatamodel */;
			path = FeedStore.xcdatamodeld;
			sourceTree = "<group>";
			versionGroupType = wrapper.xcdatamodel;
		};
/* End XCVersionGroup section */
	};
	rootObject = 537A28C825AF79AD0059D60B /* Project object */;
}
