<?xml version="1.0" encoding="UTF-8"?>
<Scheme
   LastUpgradeVersion = "1240"
   version = "1.3">
   <BuildAction
      parallelizeBuildables = "YES"
      buildImplicitDependencies = "YES">
      <BuildActionEntries>
         <BuildActionEntry
            buildForTesting = "YES"
            buildForRunning = "YES"
            buildForProfiling = "YES"
            buildForArchiving = "YES"
            buildForAnalyzing = "YES">
            <BuildableReference
               BuildableIdentifier = "primary"
               BlueprintIdentifier = "537A28D025AF79AD0059D60B"
               BuildableName = "EssentialDeveloperFeed.framework"
               BlueprintName = "EssentialDeveloperFeed"
               ReferencedContainer = "container:EssentialDeveloperFeed.xcodeproj">
            </BuildableReference>
         </BuildActionEntry>
      </BuildActionEntries>
   </BuildAction>
   <TestAction
      buildConfiguration = "Debug"
      selectedDebuggerIdentifier = "Xcode.DebuggerFoundation.Debugger.LLDB"
      selectedLauncherIdentifier = "Xcode.DebuggerFoundation.Launcher.LLDB"
      shouldUseLaunchSchemeArgsEnv = "YES"
      enableThreadSanitizer = "YES"
      codeCoverageEnabled = "YES"
      onlyGenerateCoverageForSpecifiedTargets = "YES">
      <CodeCoverageTargets>
         <BuildableReference
            BuildableIdentifier = "primary"
            BlueprintIdentifier = "537A28D025AF79AD0059D60B"
            BuildableName = "EssentialDeveloperFeed.framework"
            BlueprintName = "EssentialDeveloperFeed"
            ReferencedContainer = "container:EssentialDeveloperFeed.xcodeproj">
         </BuildableReference>
      </CodeCoverageTargets>
      <Testables>
         <TestableReference
            skipped = "NO"
            testExecutionOrdering = "random">
            <BuildableReference
               BuildableIdentifier = "primary"
               BlueprintIdentifier = "53D9C671261A58AF00ACBDCE"
               BuildableName = "EssentialDeveloperFeedAPIEndToEndTests.xctest"
               BlueprintName = "EssentialDeveloperFeedAPIEndToEndTests"
               ReferencedContainer = "container:EssentialDeveloperFeed.xcodeproj">
            </BuildableReference>
         </TestableReference>
         <TestableReference
            skipped = "NO"
            testExecutionOrdering = "random">
            <BuildableReference
               BuildableIdentifier = "primary"
               BlueprintIdentifier = "537A28D925AF79AD0059D60B"
               BuildableName = "EssentialDeveloperFeedTests.xctest"
               BlueprintName = "EssentialDeveloperFeedTests"
               ReferencedContainer = "container:EssentialDeveloperFeed.xcodeproj">
            </BuildableReference>
         </TestableReference>
         <TestableReference
            skipped = "NO"
            testExecutionOrdering = "random">
            <BuildableReference
               BuildableIdentifier = "primary"
               BlueprintIdentifier = "536317A4267D2D2800D1CB7D"
               BuildableName = "EssentialDeveloperFeedCacheIntegrationTests.xctest"
               BlueprintName = "EssentialDeveloperFeedCacheIntegrationTests"
               ReferencedContainer = "container:EssentialDeveloperFeed.xcodeproj">
            </BuildableReference>
         </TestableReference>
      </Testables>
   </TestAction>
   <LaunchAction
      buildConfiguration = "Debug"
      selectedDebuggerIdentifier = "Xcode.DebuggerFoundation.Debugger.LLDB"
      selectedLauncherIdentifier = "Xcode.DebuggerFoundation.Launcher.LLDB"
      launchStyle = "0"
      useCustomWorkingDirectory = "NO"
      ignoresPersistentStateOnLaunch = "NO"
      debugDocumentVersioning = "YES"
      debugServiceExtension = "internal"
      allowLocationSimulation = "YES">
   </LaunchAction>
   <ProfileAction
      buildConfiguration = "Release"
      shouldUseLaunchSchemeArgsEnv = "YES"
      savedToolIdentifier = ""
      useCustomWorkingDirectory = "NO"
      debugDocumentVersioning = "YES">
      <MacroExpansion>
         <BuildableReference
            BuildableIdentifier = "primary"
            BlueprintIdentifier = "537A28D025AF79AD0059D60B"
            BuildableName = "EssentialDeveloperFeed.framework"
            BlueprintName = "EssentialDeveloperFeed"
            ReferencedContainer = "container:EssentialDeveloperFeed.xcodeproj">
         </BuildableReference>
      </MacroExpansion>
   </ProfileAction>
   <AnalyzeAction
      buildConfiguration = "Debug">
   </AnalyzeAction>
   <ArchiveAction
      buildConfiguration = "Release"
      revealArchiveInOrganizer = "YES">
   </ArchiveAction>
</Scheme>
